
Microsoft Visual Studio Solution File, Format Version 12.00
# Visual Studio Version 16
VisualStudioVersion = 16.0.29418.71
MinimumVisualStudioVersion = 10.0.40219.1
Project("{FAE04EC0-301F-11D3-BF4B-00C04F79EFBC}") = "Final", "Final.csproj", "{BEF8FE88-4863-432D-BD10-C492B4BEA64F}"
EndProject
Global
	GlobalSection(SolutionConfigurationPlatforms) = preSolution
		Debug|Any CPU = Debug|Any CPU
		Release|Any CPU = Release|Any CPU
	EndGlobalSection
	GlobalSection(ProjectConfigurationPlatforms) = postSolution
		{BEF8FE88-4863-432D-BD10-C492B4BEA64F}.Debug|Any CPU.ActiveCfg = Debug|Any CPU
		{BEF8FE88-4863-432D-BD10-C492B4BEA64F}.Debug|Any CPU.Build.0 = Debug|Any CPU
		{BEF8FE88-4863-432D-BD10-C492B4BEA64F}.Release|Any CPU.ActiveCfg = Release|Any CPU
		{BEF8FE88-4863-432D-BD10-C492B4BEA64F}.Release|Any CPU.Build.0 = Release|Any CPU
	EndGlobalSection
	GlobalSection(SolutionProperties) = preSolution
		HideSolutionNode = FALSE
	EndGlobalSection
	GlobalSection(ExtensibilityGlobals) = postSolution
		SolutionGuid = {6F88B48C-AF1F-4C81-85F1-CE069C4300EE}
	EndGlobalSection
EndGlobal
